
Microsoft Visual Studio Solution File, Format Version 12.00
# Visual Studio Version 17
VisualStudioVersion = 17.9.34701.34
MinimumVisualStudioVersion = 10.0.40219.1
Project("{8BC9CEB8-8B4A-11D0-8D11-00A0C91BC942}") = "MessengerServer", "MessengerServer.vcxproj", "{66D251DF-7DE0-4679-874B-009B9B27DEA1}"
EndProject
Global
	GlobalSection(SolutionConfigurationPlatforms) = preSolution
		Debug|x64 = Debug|x64
		Debug|x86 = Debug|x86
		Release|x64 = Release|x64
		Release|x86 = Release|x86
	EndGlobalSection
	GlobalSection(ProjectConfigurationPlatforms) = postSolution
		{66D251DF-7DE0-4679-874B-009B9B27DEA1}.Debug|x64.ActiveCfg = Debug|x64
		{66D251DF-7DE0-4679-874B-009B9B27DEA1}.Debug|x64.Build.0 = Debug|x64
		{66D251DF-7DE0-4679-874B-009B9B27DEA1}.Debug|x86.ActiveCfg = Debug|Win32
		{66D251DF-7DE0-4679-874B-009B9B27DEA1}.Debug|x86.Build.0 = Debug|Win32
		{66D251DF-7DE0-4679-874B-009B9B27DEA1}.Release|x64.ActiveCfg = Release|x64
		{66D251DF-7DE0-4679-874B-009B9B27DEA1}.Release|x64.Build.0 = Release|x64
		{66D251DF-7DE0-4679-874B-009B9B27DEA1}.Release|x86.ActiveCfg = Release|Win32
		{66D251DF-7DE0-4679-874B-009B9B27DEA1}.Release|x86.Build.0 = Release|Win32
	EndGlobalSection
	GlobalSection(SolutionProperties) = preSolution
		HideSolutionNode = FALSE
	EndGlobalSection
	GlobalSection(ExtensibilityGlobals) = postSolution
		SolutionGuid = {C1F8FA19-4569-4B7C-8B14-092E21159531}
	EndGlobalSection
EndGlobal
